
Microsoft Visual Studio Solution File, Format Version 12.00
# Visual Studio Version 17
VisualStudioVersion = 17.14.36717.8
MinimumVisualStudioVersion = 10.0.40219.1
Project("{FAE04EC0-301F-11D3-BF4B-00C04F79EFBC}") = "BooksApi", "BooksApi\BooksApi\BooksApi.csproj", "{9FDB7A1E-EE4D-2D97-893D-719FF6647093}"
EndProject
Project("{FAE04EC0-301F-11D3-BF4B-00C04F79EFBC}") = "UserApi", "UserApi\UserApi\UserApi.csproj", "{43C568FF-9895-91E2-8444-70C5836EE841}"
EndProject
Global
	GlobalSection(SolutionConfigurationPlatforms) = preSolution
		Debug|Any CPU = Debug|Any CPU
		Release|Any CPU = Release|Any CPU
	EndGlobalSection
	GlobalSection(ProjectConfigurationPlatforms) = postSolution
		{9FDB7A1E-EE4D-2D97-893D-719FF6647093}.Debug|Any CPU.ActiveCfg = Debug|Any CPU
		{9FDB7A1E-EE4D-2D97-893D-719FF6647093}.Debug|Any CPU.Build.0 = Debug|Any CPU
		{9FDB7A1E-EE4D-2D97-893D-719FF6647093}.Release|Any CPU.ActiveCfg = Release|Any CPU
		{9FDB7A1E-EE4D-2D97-893D-719FF6647093}.Release|Any CPU.Build.0 = Release|Any CPU
		{43C568FF-9895-91E2-8444-70C5836EE841}.Debug|Any CPU.ActiveCfg = Debug|Any CPU
		{43C568FF-9895-91E2-8444-70C5836EE841}.Debug|Any CPU.Build.0 = Debug|Any CPU
		{43C568FF-9895-91E2-8444-70C5836EE841}.Release|Any CPU.ActiveCfg = Release|Any CPU
		{43C568FF-9895-91E2-8444-70C5836EE841}.Release|Any CPU.Build.0 = Release|Any CPU
	EndGlobalSection
	GlobalSection(SolutionProperties) = preSolution
		HideSolutionNode = FALSE
	EndGlobalSection
	GlobalSection(ExtensibilityGlobals) = postSolution
		SolutionGuid = {8B5535AA-CEDA-4F0E-92FF-7CF5E7E8981F}
	EndGlobalSection
EndGlobal
