
Microsoft Visual Studio Solution File, Format Version 12.00
# Visual Studio Version 17
VisualStudioVersion = 17.14.36717.8 d17.14
MinimumVisualStudioVersion = 10.0.40219.1
Project("{FAE04EC0-301F-11D3-BF4B-00C04F79EFBC}") = "UserApi", "UserApi\UserApi.csproj", "{F91CF5DD-5BAE-4B61-863D-F74204DEE875}"
EndProject
Global
	GlobalSection(SolutionConfigurationPlatforms) = preSolution
		Debug|Any CPU = Debug|Any CPU
		Release|Any CPU = Release|Any CPU
	EndGlobalSection
	GlobalSection(ProjectConfigurationPlatforms) = postSolution
		{F91CF5DD-5BAE-4B61-863D-F74204DEE875}.Debug|Any CPU.ActiveCfg = Debug|Any CPU
		{F91CF5DD-5BAE-4B61-863D-F74204DEE875}.Debug|Any CPU.Build.0 = Debug|Any CPU
		{F91CF5DD-5BAE-4B61-863D-F74204DEE875}.Release|Any CPU.ActiveCfg = Release|Any CPU
		{F91CF5DD-5BAE-4B61-863D-F74204DEE875}.Release|Any CPU.Build.0 = Release|Any CPU
	EndGlobalSection
	GlobalSection(SolutionProperties) = preSolution
		HideSolutionNode = FALSE
	EndGlobalSection
	GlobalSection(ExtensibilityGlobals) = postSolution
		SolutionGuid = {8130A092-F94F-40F6-B02F-85C1D5A16B0E}
	EndGlobalSection
EndGlobal
